
Microsoft Visual Studio Solution File, Format Version 12.00
# Visual Studio 15
VisualStudioVersion = 15.0.28307.1145
MinimumVisualStudioVersion = 10.0.40219.1
Project("{FAE04EC0-301F-11D3-BF4B-00C04F79EFBC}") = "Assignment", "Assignment\Assignment.csproj", "{7A0E406D-966A-4461-9B56-13F73640040A}"
EndProject
Global
	GlobalSection(SolutionConfigurationPlatforms) = preSolution
		Debug|Any CPU = Debug|Any CPU
		Release|Any CPU = Release|Any CPU
	EndGlobalSection
	GlobalSection(ProjectConfigurationPlatforms) = postSolution
		{7A0E406D-966A-4461-9B56-13F73640040A}.Debug|Any CPU.ActiveCfg = Debug|Any CPU
		{7A0E406D-966A-4461-9B56-13F73640040A}.Debug|Any CPU.Build.0 = Debug|Any CPU
		{7A0E406D-966A-4461-9B56-13F73640040A}.Release|Any CPU.ActiveCfg = Release|Any CPU
		{7A0E406D-966A-4461-9B56-13F73640040A}.Release|Any CPU.Build.0 = Release|Any CPU
	EndGlobalSection
	GlobalSection(SolutionProperties) = preSolution
		HideSolutionNode = FALSE
	EndGlobalSection
	GlobalSection(ExtensibilityGlobals) = postSolution
		SolutionGuid = {028CAAE2-6FF3-4CEB-B4CE-4165F4092D7D}
	EndGlobalSection
EndGlobal
